
Microsoft Visual Studio Solution File, Format Version 12.00
# Visual Studio 2012
# SharpDevelop 5.1
VisualStudioVersion = 12.0.20827.3
MinimumVisualStudioVersion = 10.0.40219.1
Project("{2150E333-8FDC-42A3-9474-1A3956D46DE8}") = "Library", "Library", "{4ACE83EA-60BD-4411-B73F-0FFDD63B895D}"
EndProject
Project("{FAE04EC0-301F-11D3-BF4B-00C04F79EFBC}") = "Efz.Common", "Efz.Common\Efz.Common.csproj", "{937604C5-00C6-4746-9707-32557335D306}"
EndProject
Project("{FAE04EC0-301F-11D3-BF4B-00C04F79EFBC}") = "Efz.Logging", "Efz.Logging\Efz.Logging.csproj", "{BF042F36-B5CC-4486-8C76-CAEF86733A2C}"
EndProject
Project("{FAE04EC0-301F-11D3-BF4B-00C04F79EFBC}") = "Efz.Web", "Efz.Web\Efz.Web.csproj", "{EA8E5FBB-509F-44BF-B0C5-B2B0D1872598}"
EndProject
Project("{FAE04EC0-301F-11D3-BF4B-00C04F79EFBC}") = "Efz.Cql", "Efz.Cql\Efz.Cql.csproj", "{FAB1B365-D5A6-41C4-A951-9A280BFBD8C1}"
EndProject
Project("{FAE04EC0-301F-11D3-BF4B-00C04F79EFBC}") = "Efz.Crawl", "Efz.Crawl\Efz.Crawl.csproj", "{42C16431-6E53-4E81-9505-88F9133F2FEB}"
EndProject
Project("{FAE04EC0-301F-11D3-BF4B-00C04F79EFBC}") = "Efz.Compilation", "Efz.Compilation\Efz.Compilation.csproj", "{13A6AC29-B701-4EC6-BED1-24904850F8EA}"
EndProject
Project("{FAE04EC0-301F-11D3-BF4B-00C04F79EFBC}") = "Efz.Data", "Efz.Data\Efz.Data.csproj", "{0B7D27E6-9C64-46EF-B405-346EF73CBC29}"
EndProject
Global
	GlobalSection(SolutionConfigurationPlatforms) = preSolution
		Debug|32 = Debug|32
		Debug|64 = Debug|64
		Release|32 = Release|32
		Release|64 = Release|64
	EndGlobalSection
	GlobalSection(ProjectConfigurationPlatforms) = postSolution
		{937604C5-00C6-4746-9707-32557335D306}.Debug|32.ActiveCfg = Debug|32
		{937604C5-00C6-4746-9707-32557335D306}.Debug|32.Build.0 = Debug|32
		{937604C5-00C6-4746-9707-32557335D306}.Debug|64.ActiveCfg = Debug|64
		{937604C5-00C6-4746-9707-32557335D306}.Debug|64.Build.0 = Debug|64
		{937604C5-00C6-4746-9707-32557335D306}.Release|32.ActiveCfg = Release|32
		{937604C5-00C6-4746-9707-32557335D306}.Release|32.Build.0 = Release|32
		{937604C5-00C6-4746-9707-32557335D306}.Release|64.ActiveCfg = Release|64
		{937604C5-00C6-4746-9707-32557335D306}.Release|64.Build.0 = Release|64
		{BF042F36-B5CC-4486-8C76-CAEF86733A2C}.Debug|32.ActiveCfg = Debug|32
		{BF042F36-B5CC-4486-8C76-CAEF86733A2C}.Debug|32.Build.0 = Debug|32
		{BF042F36-B5CC-4486-8C76-CAEF86733A2C}.Debug|64.ActiveCfg = Debug|64
		{BF042F36-B5CC-4486-8C76-CAEF86733A2C}.Debug|64.Build.0 = Debug|64
		{BF042F36-B5CC-4486-8C76-CAEF86733A2C}.Release|32.ActiveCfg = Release|32
		{BF042F36-B5CC-4486-8C76-CAEF86733A2C}.Release|32.Build.0 = Release|32
		{BF042F36-B5CC-4486-8C76-CAEF86733A2C}.Release|64.ActiveCfg = Release|64
		{BF042F36-B5CC-4486-8C76-CAEF86733A2C}.Release|64.Build.0 = Release|64
		{EA8E5FBB-509F-44BF-B0C5-B2B0D1872598}.Debug|32.ActiveCfg = Debug|32
		{EA8E5FBB-509F-44BF-B0C5-B2B0D1872598}.Debug|32.Build.0 = Debug|32
		{EA8E5FBB-509F-44BF-B0C5-B2B0D1872598}.Debug|64.ActiveCfg = Debug|64
		{EA8E5FBB-509F-44BF-B0C5-B2B0D1872598}.Debug|64.Build.0 = Debug|64
		{EA8E5FBB-509F-44BF-B0C5-B2B0D1872598}.Release|32.ActiveCfg = Release|32
		{EA8E5FBB-509F-44BF-B0C5-B2B0D1872598}.Release|32.Build.0 = Release|32
		{EA8E5FBB-509F-44BF-B0C5-B2B0D1872598}.Release|64.ActiveCfg = Release|64
		{EA8E5FBB-509F-44BF-B0C5-B2B0D1872598}.Release|64.Build.0 = Release|64
		{FAB1B365-D5A6-41C4-A951-9A280BFBD8C1}.Debug|32.ActiveCfg = Debug|32
		{FAB1B365-D5A6-41C4-A951-9A280BFBD8C1}.Debug|32.Build.0 = Debug|32
		{FAB1B365-D5A6-41C4-A951-9A280BFBD8C1}.Debug|64.ActiveCfg = Debug|64
		{FAB1B365-D5A6-41C4-A951-9A280BFBD8C1}.Debug|64.Build.0 = Debug|64
		{FAB1B365-D5A6-41C4-A951-9A280BFBD8C1}.Release|32.ActiveCfg = Release|32
		{FAB1B365-D5A6-41C4-A951-9A280BFBD8C1}.Release|32.Build.0 = Release|32
		{FAB1B365-D5A6-41C4-A951-9A280BFBD8C1}.Release|64.ActiveCfg = Release|64
		{FAB1B365-D5A6-41C4-A951-9A280BFBD8C1}.Release|64.Build.0 = Release|64
		{42C16431-6E53-4E81-9505-88F9133F2FEB}.Debug|32.ActiveCfg = Debug|32
		{42C16431-6E53-4E81-9505-88F9133F2FEB}.Debug|32.Build.0 = Debug|32
		{42C16431-6E53-4E81-9505-88F9133F2FEB}.Debug|64.ActiveCfg = Debug|64
		{42C16431-6E53-4E81-9505-88F9133F2FEB}.Debug|64.Build.0 = Debug|64
		{42C16431-6E53-4E81-9505-88F9133F2FEB}.Release|32.ActiveCfg = Release|32
		{42C16431-6E53-4E81-9505-88F9133F2FEB}.Release|32.Build.0 = Release|32
		{42C16431-6E53-4E81-9505-88F9133F2FEB}.Release|64.ActiveCfg = Release|64
		{42C16431-6E53-4E81-9505-88F9133F2FEB}.Release|64.Build.0 = Release|64
		{13A6AC29-B701-4EC6-BED1-24904850F8EA}.Debug|32.ActiveCfg = Debug|32
		{13A6AC29-B701-4EC6-BED1-24904850F8EA}.Debug|32.Build.0 = Debug|32
		{13A6AC29-B701-4EC6-BED1-24904850F8EA}.Debug|64.ActiveCfg = Debug|64
		{13A6AC29-B701-4EC6-BED1-24904850F8EA}.Debug|64.Build.0 = Debug|64
		{13A6AC29-B701-4EC6-BED1-24904850F8EA}.Release|32.ActiveCfg = Release|32
		{13A6AC29-B701-4EC6-BED1-24904850F8EA}.Release|32.Build.0 = Release|32
		{13A6AC29-B701-4EC6-BED1-24904850F8EA}.Release|64.ActiveCfg = Release|64
		{13A6AC29-B701-4EC6-BED1-24904850F8EA}.Release|64.Build.0 = Release|64
		{0B7D27E6-9C64-46EF-B405-346EF73CBC29}.Debug|32.ActiveCfg = Debug|32
		{0B7D27E6-9C64-46EF-B405-346EF73CBC29}.Debug|32.Build.0 = Debug|32
		{0B7D27E6-9C64-46EF-B405-346EF73CBC29}.Debug|64.ActiveCfg = Debug|64
		{0B7D27E6-9C64-46EF-B405-346EF73CBC29}.Debug|64.Build.0 = Debug|64
		{0B7D27E6-9C64-46EF-B405-346EF73CBC29}.Release|32.ActiveCfg = Release|32
		{0B7D27E6-9C64-46EF-B405-346EF73CBC29}.Release|32.Build.0 = Release|32
		{0B7D27E6-9C64-46EF-B405-346EF73CBC29}.Release|64.ActiveCfg = Release|64
		{0B7D27E6-9C64-46EF-B405-346EF73CBC29}.Release|64.Build.0 = Release|64
	EndGlobalSection
	GlobalSection(MonoDevelopProperties) = preSolution
		Policies = $0
		$0.DotNetNamingPolicy = $1
		$0.TextStylePolicy = $2
		$2.inheritsSet = null
		$2.scope = text/x-csharp
		$0.CSharpFormattingPolicy = $3
		$3.AfterDelegateDeclarationParameterComma = True
		$3.scope = text/x-csharp
		$3.IndentSwitchSection = False
		$3.NewLinesForBracesInProperties = False
		$3.NewLinesForBracesInAccessors = False
		$3.NewLinesForBracesInAnonymousMethods = False
		$3.NewLinesForBracesInControlBlocks = False
		$3.NewLinesForBracesInAnonymousTypes = False
		$3.NewLinesForBracesInObjectCollectionArrayInitializers = False
		$3.NewLinesForBracesInLambdaExpressionBody = False
		$3.NewLineForElse = False
		$3.NewLineForCatch = False
		$3.NewLineForFinally = False
		$3.NewLineForMembersInObjectInit = False
		$3.NewLineForMembersInAnonymousTypes = False
		$3.NewLineForClausesInQuery = False
		$3.SpacingAfterMethodDeclarationName = True
		$3.SpaceAfterMethodCallName = True
		$3.SpaceBeforeOpenSquareBracket = True
		$0.TextStylePolicy = $4
		$4.TabWidth = 2
		$4.IndentWidth = 2
		$4.scope = text/plain
		$4.TabsToSpaces = True
		$0.StandardHeader = $5
		$0.NameConventionPolicy = $6
		$6.Rules = $7
		$7.NamingRule = $8
		$8.Name = Namespaces
		$8.AffectedEntity = Namespace
		$8.VisibilityMask = VisibilityMask
		$8.NamingStyle = PascalCase
		$8.IncludeInstanceMembers = True
		$8.IncludeStaticEntities = True
		$7.NamingRule = $9
		$9.Name = Types
		$9.AffectedEntity = Class, Struct, Enum, Delegate
		$9.VisibilityMask = Public
		$9.NamingStyle = PascalCase
		$9.IncludeInstanceMembers = True
		$9.IncludeStaticEntities = True
		$7.NamingRule = $10
		$10.Name = Interfaces
		$10.RequiredPrefixes = $11
		$11.String = I
		$10.AffectedEntity = Interface
		$10.VisibilityMask = Public
		$10.NamingStyle = PascalCase
		$10.IncludeInstanceMembers = True
		$10.IncludeStaticEntities = True
		$7.NamingRule = $12
		$12.Name = Attributes
		$12.RequiredSuffixes = $13
		$13.String = Attribute
		$12.AffectedEntity = CustomAttributes
		$12.VisibilityMask = Public
		$12.NamingStyle = PascalCase
		$12.IncludeInstanceMembers = True
		$12.IncludeStaticEntities = True
		$7.NamingRule = $14
		$14.Name = Event Arguments
		$14.RequiredSuffixes = $15
		$15.String = EventArgs
		$14.AffectedEntity = CustomEventArgs
		$14.VisibilityMask = Public
		$14.NamingStyle = PascalCase
		$14.IncludeInstanceMembers = True
		$14.IncludeStaticEntities = True
		$7.NamingRule = $16
		$16.Name = Exceptions
		$16.RequiredSuffixes = $17
		$17.String = Exception
		$16.AffectedEntity = CustomExceptions
		$16.VisibilityMask = VisibilityMask
		$16.NamingStyle = PascalCase
		$16.IncludeInstanceMembers = True
		$16.IncludeStaticEntities = True
		$7.NamingRule = $18
		$18.Name = Methods
		$18.AffectedEntity = Methods
		$18.VisibilityMask = Protected, Public
		$18.NamingStyle = PascalCase
		$18.IncludeInstanceMembers = True
		$18.IncludeStaticEntities = True
		$7.NamingRule = $19
		$19.Name = Static Readonly Fields
		$19.AffectedEntity = ReadonlyField
		$19.VisibilityMask = Protected, Public
		$19.NamingStyle = PascalCase
		$19.IncludeInstanceMembers = False
		$19.IncludeStaticEntities = True
		$7.NamingRule = $20
		$20.Name = Fields
		$20.AffectedEntity = Field
		$20.VisibilityMask = Protected, Public
		$20.NamingStyle = PascalCase
		$20.IncludeInstanceMembers = True
		$20.IncludeStaticEntities = True
		$7.NamingRule = $21
		$21.Name = ReadOnly Fields
		$21.AffectedEntity = ReadonlyField
		$21.VisibilityMask = Protected, Public
		$21.NamingStyle = PascalCase
		$21.IncludeInstanceMembers = True
		$21.IncludeStaticEntities = False
		$7.NamingRule = $22
		$22.Name = Constant Fields
		$22.AffectedEntity = ConstantField
		$22.VisibilityMask = Protected, Public
		$22.NamingStyle = PascalCase
		$22.IncludeInstanceMembers = True
		$22.IncludeStaticEntities = True
		$7.NamingRule = $23
		$23.Name = Properties
		$23.AffectedEntity = Property
		$23.VisibilityMask = Protected, Public
		$23.NamingStyle = PascalCase
		$23.IncludeInstanceMembers = True
		$23.IncludeStaticEntities = True
		$7.NamingRule = $24
		$24.Name = Events
		$24.AffectedEntity = Event
		$24.VisibilityMask = Protected, Public
		$24.NamingStyle = PascalCase
		$24.IncludeInstanceMembers = True
		$24.IncludeStaticEntities = True
		$7.NamingRule = $25
		$25.Name = Enum Members
		$25.AffectedEntity = EnumMember
		$25.VisibilityMask = VisibilityMask
		$25.NamingStyle = PascalCase
		$25.IncludeInstanceMembers = True
		$25.IncludeStaticEntities = True
		$7.NamingRule = $26
		$26.Name = Parameters
		$26.AffectedEntity = Parameter
		$26.VisibilityMask = VisibilityMask
		$26.NamingStyle = CamelCase
		$26.IncludeInstanceMembers = True
		$26.IncludeStaticEntities = True
		$7.NamingRule = $27
		$27.Name = Type Parameters
		$27.RequiredPrefixes = $28
		$28.String = T
		$27.AffectedEntity = TypeParameter
		$27.VisibilityMask = VisibilityMask
		$27.NamingStyle = PascalCase
		$27.IncludeInstanceMembers = True
		$27.IncludeStaticEntities = True
	EndGlobalSection
	GlobalSection(NestedProjects) = preSolution
		{937604C5-00C6-4746-9707-32557335D306} = {4ACE83EA-60BD-4411-B73F-0FFDD63B895D}
		{BF042F36-B5CC-4486-8C76-CAEF86733A2C} = {4ACE83EA-60BD-4411-B73F-0FFDD63B895D}
		{EA8E5FBB-509F-44BF-B0C5-B2B0D1872598} = {4ACE83EA-60BD-4411-B73F-0FFDD63B895D}
		{FAB1B365-D5A6-41C4-A951-9A280BFBD8C1} = {4ACE83EA-60BD-4411-B73F-0FFDD63B895D}
		{42C16431-6E53-4E81-9505-88F9133F2FEB} = {4ACE83EA-60BD-4411-B73F-0FFDD63B895D}
		{13A6AC29-B701-4EC6-BED1-24904850F8EA} = {4ACE83EA-60BD-4411-B73F-0FFDD63B895D}
		{0B7D27E6-9C64-46EF-B405-346EF73CBC29} = {4ACE83EA-60BD-4411-B73F-0FFDD63B895D}
	EndGlobalSection
EndGlobal
